
Microsoft Visual Studio Solution File, Format Version 12.00
# Visual Studio Version 17
VisualStudioVersion = 17.4.33205.214
MinimumVisualStudioVersion = 10.0.40219.1
Project("{FAE04EC0-301F-11D3-BF4B-00C04F79EFBC}") = "Demo3MVC", "Demo3MVC.csproj", "{11AB8DE2-23A6-4A26-9D83-2D31BDB38EB2}"
EndProject
Global
	GlobalSection(SolutionConfigurationPlatforms) = preSolution
		Debug|Any CPU = Debug|Any CPU
		Release|Any CPU = Release|Any CPU
	EndGlobalSection
	GlobalSection(ProjectConfigurationPlatforms) = postSolution
		{11AB8DE2-23A6-4A26-9D83-2D31BDB38EB2}.Debug|Any CPU.ActiveCfg = Debug|Any CPU
		{11AB8DE2-23A6-4A26-9D83-2D31BDB38EB2}.Debug|Any CPU.Build.0 = Debug|Any CPU
		{11AB8DE2-23A6-4A26-9D83-2D31BDB38EB2}.Release|Any CPU.ActiveCfg = Release|Any CPU
		{11AB8DE2-23A6-4A26-9D83-2D31BDB38EB2}.Release|Any CPU.Build.0 = Release|Any CPU
	EndGlobalSection
	GlobalSection(SolutionProperties) = preSolution
		HideSolutionNode = FALSE
	EndGlobalSection
	GlobalSection(ExtensibilityGlobals) = postSolution
		SolutionGuid = {EA077392-8E9D-496C-95F8-A29DAD925CC9}
	EndGlobalSection
EndGlobal
